
Microsoft Visual Studio Solution File, Format Version 12.00
# Visual Studio Version 17
VisualStudioVersion = 17.13.35806.99 d17.13
MinimumVisualStudioVersion = 10.0.40219.1
Project("{FAE04EC0-301F-11D3-BF4B-00C04F79EFBC}") = "EmployeeProject1", "EmployeeProject1\EmployeeProject1.csproj", "{1FAC0A4B-AFFE-4BF9-B99D-ADE25EBE8C6C}"
EndProject
Global
	GlobalSection(SolutionConfigurationPlatforms) = preSolution
		Debug|Any CPU = Debug|Any CPU
		Release|Any CPU = Release|Any CPU
	EndGlobalSection
	GlobalSection(ProjectConfigurationPlatforms) = postSolution
		{1FAC0A4B-AFFE-4BF9-B99D-ADE25EBE8C6C}.Debug|Any CPU.ActiveCfg = Debug|Any CPU
		{1FAC0A4B-AFFE-4BF9-B99D-ADE25EBE8C6C}.Debug|Any CPU.Build.0 = Debug|Any CPU
		{1FAC0A4B-AFFE-4BF9-B99D-ADE25EBE8C6C}.Release|Any CPU.ActiveCfg = Release|Any CPU
		{1FAC0A4B-AFFE-4BF9-B99D-ADE25EBE8C6C}.Release|Any CPU.Build.0 = Release|Any CPU
	EndGlobalSection
	GlobalSection(SolutionProperties) = preSolution
		HideSolutionNode = FALSE
	EndGlobalSection
	GlobalSection(ExtensibilityGlobals) = postSolution
		SolutionGuid = {1B4C4728-25AA-46F7-9698-B9EDABC11B56}
	EndGlobalSection
EndGlobal
